// !$*UTF8*$!
{
	archiveVersion = 1;
	classes = {
	};
	objectVersion = 56;
	objects = {

/* Begin PBXBuildFile section */
		3F75CC762BD0E342000C7323 /* AppDelegate.swift in Sources */ = {isa = PBXBuildFile; fileRef = 3F75CC752BD0E342000C7323 /* AppDelegate.swift */; };
		3F75CC782BD0E342000C7323 /* SceneDelegate.swift in Sources */ = {isa = PBXBuildFile; fileRef = 3F75CC772BD0E342000C7323 /* SceneDelegate.swift */; };
		3F75CC7A2BD0E342000C7323 /* ViewController.swift in Sources */ = {isa = PBXBuildFile; fileRef = 3F75CC792BD0E342000C7323 /* ViewController.swift */; };
		3F75CC7D2BD0E342000C7323 /* Main.storyboard in Resources */ = {isa = PBXBuildFile; fileRef = 3F75CC7B2BD0E342000C7323 /* Main.storyboard */; };
		3F75CC7F2BD0E343000C7323 /* Assets.xcassets in Resources */ = {isa = PBXBuildFile; fileRef = 3F75CC7E2BD0E343000C7323 /* Assets.xcassets */; };
		3F75CC822BD0E343000C7323 /* LaunchScreen.storyboard in Resources */ = {isa = PBXBuildFile; fileRef = 3F75CC802BD0E343000C7323 /* LaunchScreen.storyboard */; };
		3F75CC8D2BD0E343000C7323 /* calculatorRRTests.swift in Sources */ = {isa = PBXBuildFile; fileRef = 3F75CC8C2BD0E343000C7323 /* calculatorRRTests.swift */; };
		3F75CC972BD0E343000C7323 /* calculatorRRUITests.swift in Sources */ = {isa = PBXBuildFile; fileRef = 3F75CC962BD0E343000C7323 /* calculatorRRUITests.swift */; };
		3F75CC992BD0E343000C7323 /* calculatorRRUITestsLaunchTests.swift in Sources */ = {isa = PBXBuildFile; fileRef = 3F75CC982BD0E343000C7323 /* calculatorRRUITestsLaunchTests.swift */; };
/* End PBXBuildFile section */

/* Begin PBXContainerItemProxy section */
		3F75CC892BD0E343000C7323 /* PBXContainerItemProxy */ = {
			isa = PBXContainerItemProxy;
			containerPortal = 3F75CC6A2BD0E342000C7323 /* Project object */;
			proxyType = 1;
			remoteGlobalIDString = 3F75CC712BD0E342000C7323;
			remoteInfo = calculatorRR;
		};
		3F75CC932BD0E343000C7323 /* PBXContainerItemProxy */ = {
			isa = PBXContainerItemProxy;
			containerPortal = 3F75CC6A2BD0E342000C7323 /* Project object */;
			proxyType = 1;
			remoteGlobalIDString = 3F75CC712BD0E342000C7323;
			remoteInfo = calculatorRR;
		};
/* End PBXContainerItemProxy section */

/* Begin PBXFileReference section */
		3F75CC722BD0E342000C7323 /* calculatorRR.app */ = {isa = PBXFileReference; explicitFileType = wrapper.application; includeInIndex = 0; path = calculatorRR.app; sourceTree = BUILT_PRODUCTS_DIR; };
		3F75CC752BD0E342000C7323 /* AppDelegate.swift */ = {isa = PBXFileReference; lastKnownFileType = sourcecode.swift; path = AppDelegate.swift; sourceTree = "<group>"; };
		3F75CC772BD0E342000C7323 /* SceneDelegate.swift */ = {isa = PBXFileReference; lastKnownFileType = sourcecode.swift; path = SceneDelegate.swift; sourceTree = "<group>"; };
		3F75CC792BD0E342000C7323 /* ViewController.swift */ = {isa = PBXFileReference; lastKnownFileType = sourcecode.swift; path = ViewController.swift; sourceTree = "<group>"; };
		3F75CC7C2BD0E342000C7323 /* Base */ = {isa = PBXFileReference; lastKnownFileType = file.storyboard; name = Base; path = Base.lproj/Main.storyboard; sourceTree = "<group>"; };
		3F75CC7E2BD0E343000C7323 /* Assets.xcassets */ = {isa = PBXFileReference; lastKnownFileType = folder.assetcatalog; path = Assets.xcassets; sourceTree = "<group>"; };
		3F75CC812BD0E343000C7323 /* Base */ = {isa = PBXFileReference; lastKnownFileType = file.storyboard; name = Base; path = Base.lproj/LaunchScreen.storyboard; sourceTree = "<group>"; };
		3F75CC832BD0E343000C7323 /* Info.plist */ = {isa = PBXFileReference; lastKnownFileType = text.plist.xml; path = Info.plist; sourceTree = "<group>"; };
		3F75CC882BD0E343000C7323 /* calculatorRRTests.xctest */ = {isa = PBXFileReference; explicitFileType = wrapper.cfbundle; includeInIndex = 0; path = calculatorRRTests.xctest; sourceTree = BUILT_PRODUCTS_DIR; };
		3F75CC8C2BD0E343000C7323 /* calculatorRRTests.swift */ = {isa = PBXFileReference; lastKnownFileType = sourcecode.swift; path = calculatorRRTests.swift; sourceTree = "<group>"; };
		3F75CC922BD0E343000C7323 /* calculatorRRUITests.xctest */ = {isa = PBXFileReference; explicitFileType = wrapper.cfbundle; includeInIndex = 0; path = calculatorRRUITests.xctest; sourceTree = BUILT_PRODUCTS_DIR; };
		3F75CC962BD0E343000C7323 /* calculatorRRUITests.swift */ = {isa = PBXFileReference; lastKnownFileType = sourcecode.swift; path = calculatorRRUITests.swift; sourceTree = "<group>"; };
		3F75CC982BD0E343000C7323 /* calculatorRRUITestsLaunchTests.swift */ = {isa = PBXFileReference; lastKnownFileType = sourcecode.swift; path = calculatorRRUITestsLaunchTests.swift; sourceTree = "<group>"; };
/* End PBXFileReference section */

/* Begin PBXFrameworksBuildPhase section */
		3F75CC6F2BD0E342000C7323 /* Frameworks */ = {
			isa = PBXFrameworksBuildPhase;
			buildActionMask = 2147483647;
			files = (
			);
			runOnlyForDeploymentPostprocessing = 0;
		};
		3F75CC852BD0E343000C7323 /* Frameworks */ = {
			isa = PBXFrameworksBuildPhase;
			buildActionMask = 2147483647;
			files = (
			);
			runOnlyForDeploymentPostprocessing = 0;
		};
		3F75CC8F2BD0E343000C7323 /* Frameworks */ = {
			isa = PBXFrameworksBuildPhase;
			buildActionMask = 2147483647;
			files = (
			);
			runOnlyForDeploymentPostprocessing = 0;
		};
/* End PBXFrameworksBuildPhase section */

/* Begin PBXGroup section */
		3F75CC692BD0E342000C7323 = {
			isa = PBXGroup;
			children = (
				3F75CC742BD0E342000C7323 /* calculatorRR */,
				3F75CC8B2BD0E343000C7323 /* calculatorRRTests */,
				3F75CC952BD0E343000C7323 /* calculatorRRUITests */,
				3F75CC732BD0E342000C7323 /* Products */,
			);
			sourceTree = "<group>";
		};
		3F75CC732BD0E342000C7323 /* Products */ = {
			isa = PBXGroup;
			children = (
				3F75CC722BD0E342000C7323 /* calculatorRR.app */,
				3F75CC882BD0E343000C7323 /* calculatorRRTests.xctest */,
				3F75CC922BD0E343000C7323 /* calculatorRRUITests.xctest */,
			);
			name = Products;
			sourceTree = "<group>";
		};
		3F75CC742BD0E342000C7323 /* calculatorRR */ = {
			isa = PBXGroup;
			children = (
				3F75CC752BD0E342000C7323 /* AppDelegate.swift */,
				3F75CC772BD0E342000C7323 /* SceneDelegate.swift */,
				3F75CC792BD0E342000C7323 /* ViewController.swift */,
				3F75CC7B2BD0E342000C7323 /* Main.storyboard */,
				3F75CC7E2BD0E343000C7323 /* Assets.xcassets */,
				3F75CC802BD0E343000C7323 /* LaunchScreen.storyboard */,
				3F75CC832BD0E343000C7323 /* Info.plist */,
			);
			path = calculatorRR;
			sourceTree = "<group>";
		};
		3F75CC8B2BD0E343000C7323 /* calculatorRRTests */ = {
			isa = PBXGroup;
			children = (
				3F75CC8C2BD0E343000C7323 /* calculatorRRTests.swift */,
			);
			path = calculatorRRTests;
			sourceTree = "<group>";
		};
		3F75CC952BD0E343000C7323 /* calculatorRRUITests */ = {
			isa = PBXGroup;
			children = (
				3F75CC962BD0E343000C7323 /* calculatorRRUITests.swift */,
				3F75CC982BD0E343000C7323 /* calculatorRRUITestsLaunchTests.swift */,
			);
			path = calculatorRRUITests;
			sourceTree = "<group>";
		};
/* End PBXGroup section */

/* Begin PBXNativeTarget section */
		3F75CC712BD0E342000C7323 /* calculatorRR */ = {
			isa = PBXNativeTarget;
			buildConfigurationList = 3F75CC9C2BD0E343000C7323 /* Build configuration list for PBXNativeTarget "calculatorRR" */;
			buildPhases = (
				3F75CC6E2BD0E342000C7323 /* Sources */,
				3F75CC6F2BD0E342000C7323 /* Frameworks */,
				3F75CC702BD0E342000C7323 /* Resources */,
			);
			buildRules = (
			);
			dependencies = (
			);
			name = calculatorRR;
			productName = calculatorRR;
			productReference = 3F75CC722BD0E342000C7323 /* calculatorRR.app */;
			productType = "com.apple.product-type.application";
		};
		3F75CC872BD0E343000C7323 /* calculatorRRTests */ = {
			isa = PBXNativeTarget;
			buildConfigurationList = 3F75CC9F2BD0E343000C7323 /* Build configuration list for PBXNativeTarget "calculatorRRTests" */;
			buildPhases = (
				3F75CC842BD0E343000C7323 /* Sources */,
				3F75CC852BD0E343000C7323 /* Frameworks */,
				3F75CC862BD0E343000C7323 /* Resources */,
			);
			buildRules = (
			);
			dependencies = (
				3F75CC8A2BD0E343000C7323 /* PBXTargetDependency */,
			);
			name = calculatorRRTests;
			productName = calculatorRRTests;
			productReference = 3F75CC882BD0E343000C7323 /* calculatorRRTests.xctest */;
			productType = "com.apple.product-type.bundle.unit-test";
		};
		3F75CC912BD0E343000C7323 /* calculatorRRUITests */ = {
			isa = PBXNativeTarget;
			buildConfigurationList = 3F75CCA22BD0E343000C7323 /* Build configuration list for PBXNativeTarget "calculatorRRUITests" */;
			buildPhases = (
				3F75CC8E2BD0E343000C7323 /* Sources */,
				3F75CC8F2BD0E343000C7323 /* Frameworks */,
				3F75CC902BD0E343000C7323 /* Resources */,
			);
			buildRules = (
			);
			dependencies = (
				3F75CC942BD0E343000C7323 /* PBXTargetDependency */,
			);
			name = calculatorRRUITests;
			productName = calculatorRRUITests;
			productReference = 3F75CC922BD0E343000C7323 /* calculatorRRUITests.xctest */;
			productType = "com.apple.product-type.bundle.ui-testing";
		};
/* End PBXNativeTarget section */

/* Begin PBXProject section */
		3F75CC6A2BD0E342000C7323 /* Project object */ = {
			isa = PBXProject;
			attributes = {
				BuildIndependentTargetsInParallel = 1;
				LastSwiftUpdateCheck = 1430;
				LastUpgradeCheck = 1430;
				TargetAttributes = {
					3F75CC712BD0E342000C7323 = {
						CreatedOnToolsVersion = 14.3.1;
					};
					3F75CC872BD0E343000C7323 = {
						CreatedOnToolsVersion = 14.3.1;
						TestTargetID = 3F75CC712BD0E342000C7323;
					};
					3F75CC912BD0E343000C7323 = {
						CreatedOnToolsVersion = 14.3.1;
						TestTargetID = 3F75CC712BD0E342000C7323;
					};
				};
			};
			buildConfigurationList = 3F75CC6D2BD0E342000C7323 /* Build configuration list for PBXProject "calculatorRR" */;
			compatibilityVersion = "Xcode 14.0";
			developmentRegion = en;
			hasScannedForEncodings = 0;
			knownRegions = (
				en,
				Base,
			);
			mainGroup = 3F75CC692BD0E342000C7323;
			productRefGroup = 3F75CC732BD0E342000C7323 /* Products */;
			projectDirPath = "";
			projectRoot = "";
			targets = (
				3F75CC712BD0E342000C7323 /* calculatorRR */,
				3F75CC872BD0E343000C7323 /* calculatorRRTests */,
				3F75CC912BD0E343000C7323 /* calculatorRRUITests */,
			);
		};
/* End PBXProject section */

/* Begin PBXResourcesBuildPhase section */
		3F75CC702BD0E342000C7323 /* Resources */ = {
			isa = PBXResourcesBuildPhase;
			buildActionMask = 2147483647;
			files = (
				3F75CC822BD0E343000C7323 /* LaunchScreen.storyboard in Resources */,
				3F75CC7F2BD0E343000C7323 /* Assets.xcassets in Resources */,
				3F75CC7D2BD0E342000C7323 /* Main.storyboard in Resources */,
			);
			runOnlyForDeploymentPostprocessing = 0;
		};
		3F75CC862BD0E343000C7323 /* Resources */ = {
			isa = PBXResourcesBuildPhase;
			buildActionMask = 2147483647;
			files = (
			);
			runOnlyForDeploymentPostprocessing = 0;
		};
		3F75CC902BD0E343000C7323 /* Resources */ = {
			isa = PBXResourcesBuildPhase;
			buildActionMask = 2147483647;
			files = (
			);
			runOnlyForDeploymentPostprocessing = 0;
		};
/* End PBXResourcesBuildPhase section */

/* Begin PBXSourcesBuildPhase section */
		3F75CC6E2BD0E342000C7323 /* Sources */ = {
			isa = PBXSourcesBuildPhase;
			buildActionMask = 2147483647;
			files = (
				3F75CC7A2BD0E342000C7323 /* ViewController.swift in Sources */,
				3F75CC762BD0E342000C7323 /* AppDelegate.swift in Sources */,
				3F75CC782BD0E342000C7323 /* SceneDelegate.swift in Sources */,
			);
			runOnlyForDeploymentPostprocessing = 0;
		};
		3F75CC842BD0E343000C7323 /* Sources */ = {
			isa = PBXSourcesBuildPhase;
			buildActionMask = 2147483647;
			files = (
				3F75CC8D2BD0E343000C7323 /* calculatorRRTests.swift in Sources */,
			);
			runOnlyForDeploymentPostprocessing = 0;
		};
		3F75CC8E2BD0E343000C7323 /* Sources */ = {
			isa = PBXSourcesBuildPhase;
			buildActionMask = 2147483647;
			files = (
				3F75CC992BD0E343000C7323 /* calculatorRRUITestsLaunchTests.swift in Sources */,
				3F75CC972BD0E343000C7323 /* calculatorRRUITests.swift in Sources */,
			);
			runOnlyForDeploymentPostprocessing = 0;
		};
/* End PBXSourcesBuildPhase section */

/* Begin PBXTargetDependency section */
		3F75CC8A2BD0E343000C7323 /* PBXTargetDependency */ = {
			isa = PBXTargetDependency;
			target = 3F75CC712BD0E342000C7323 /* calculatorRR */;
			targetProxy = 3F75CC892BD0E343000C7323 /* PBXContainerItemProxy */;
		};
		3F75CC942BD0E343000C7323 /* PBXTargetDependency */ = {
			isa = PBXTargetDependency;
			target = 3F75CC712BD0E342000C7323 /* calculatorRR */;
			targetProxy = 3F75CC932BD0E343000C7323 /* PBXContainerItemProxy */;
		};
/* End PBXTargetDependency section */

/* Begin PBXVariantGroup section */
		3F75CC7B2BD0E342000C7323 /* Main.storyboard */ = {
			isa = PBXVariantGroup;
			children = (
				3F75CC7C2BD0E342000C7323 /* Base */,
			);
			name = Main.storyboard;
			sourceTree = "<group>";
		};
		3F75CC802BD0E343000C7323 /* LaunchScreen.storyboard */ = {
			isa = PBXVariantGroup;
			children = (
				3F75CC812BD0E343000C7323 /* Base */,
			);
			name = LaunchScreen.storyboard;
			sourceTree = "<group>";
		};
/* End PBXVariantGroup section */

/* Begin XCBuildConfiguration section */
		3F75CC9A2BD0E343000C7323 /* Debug */ = {
			isa = XCBuildConfiguration;
			buildSettings = {
				ALWAYS_SEARCH_USER_PATHS = NO;
				CLANG_ANALYZER_NONNULL = YES;
				CLANG_ANALYZER_NUMBER_OBJECT_CONVERSION = YES_AGGRESSIVE;
				CLANG_CXX_LANGUAGE_STANDARD = "gnu++20";
				CLANG_ENABLE_MODULES = YES;
				CLANG_ENABLE_OBJC_ARC = YES;
				CLANG_ENABLE_OBJC_WEAK = YES;
				CLANG_WARN_BLOCK_CAPTURE_AUTORELEASING = YES;
				CLANG_WARN_BOOL_CONVERSION = YES;
				CLANG_WARN_COMMA = YES;
				CLANG_WARN_CONSTANT_CONVERSION = YES;
				CLANG_WARN_DEPRECATED_OBJC_IMPLEMENTATIONS = YES;
				CLANG_WARN_DIRECT_OBJC_ISA_USAGE = YES_ERROR;
				CLANG_WARN_DOCUMENTATION_COMMENTS = YES;
				CLANG_WARN_EMPTY_BODY = YES;
				CLANG_WARN_ENUM_CONVERSION = YES;
				CLANG_WARN_INFINITE_RECURSION = YES;
				CLANG_WARN_INT_CONVERSION = YES;
				CLANG_WARN_NON_LITERAL_NULL_CONVERSION = YES;
				CLANG_WARN_OBJC_IMPLICIT_RETAIN_SELF = YES;
				CLANG_WARN_OBJC_LITERAL_CONVERSION = YES;
				CLANG_WARN_OBJC_ROOT_CLASS = YES_ERROR;
				CLANG_WARN_QUOTED_INCLUDE_IN_FRAMEWORK_HEADER = YES;
				CLANG_WARN_RANGE_LOOP_ANALYSIS = YES;
				CLANG_WARN_STRICT_PROTOTYPES = YES;
				CLANG_WARN_SUSPICIOUS_MOVE = YES;
				CLANG_WARN_UNGUARDED_AVAILABILITY = YES_AGGRESSIVE;
				CLANG_WARN_UNREACHABLE_CODE = YES;
				CLANG_WARN__DUPLICATE_METHOD_MATCH = YES;
				COPY_PHASE_STRIP = NO;
				DEBUG_INFORMATION_FORMAT = dwarf;
				ENABLE_STRICT_OBJC_MSGSEND = YES;
				ENABLE_TESTABILITY = YES;
				GCC_C_LANGUAGE_STANDARD = gnu11;
				GCC_DYNAMIC_NO_PIC = NO;
				GCC_NO_COMMON_BLOCKS = YES;
				GCC_OPTIMIZATION_LEVEL = 0;
				GCC_PREPROCESSOR_DEFINITIONS = (
					"DEBUG=1",
					"$(inherited)",
				);
				GCC_WARN_64_TO_32_BIT_CONVERSION = YES;
				GCC_WARN_ABOUT_RETURN_TYPE = YES_ERROR;
				GCC_WARN_UNDECLARED_SELECTOR = YES;
				GCC_WARN_UNINITIALIZED_AUTOS = YES_AGGRESSIVE;
				GCC_WARN_UNUSED_FUNCTION = YES;
				GCC_WARN_UNUSED_VARIABLE = YES;
				IPHONEOS_DEPLOYMENT_TARGET = 16.4;
				MTL_ENABLE_DEBUG_INFO = INCLUDE_SOURCE;
				MTL_FAST_MATH = YES;
				ONLY_ACTIVE_ARCH = YES;
				SDKROOT = iphoneos;
				SWIFT_ACTIVE_COMPILATION_CONDITIONS = DEBUG;
				SWIFT_OPTIMIZATION_LEVEL = "-Onone";
			};
			name = Debug;
		};
		3F75CC9B2BD0E343000C7323 /* Release */ = {
			isa = XCBuildConfiguration;
			buildSettings = {
				ALWAYS_SEARCH_USER_PATHS = NO;
				CLANG_ANALYZER_NONNULL = YES;
				CLANG_ANALYZER_NUMBER_OBJECT_CONVERSION = YES_AGGRESSIVE;
				CLANG_CXX_LANGUAGE_STANDARD = "gnu++20";
				CLANG_ENABLE_MODULES = YES;
				CLANG_ENABLE_OBJC_ARC = YES;
				CLANG_ENABLE_OBJC_WEAK = YES;
				CLANG_WARN_BLOCK_CAPTURE_AUTORELEASING = YES;
				CLANG_WARN_BOOL_CONVERSION = YES;
				CLANG_WARN_COMMA = YES;
				CLANG_WARN_CONSTANT_CONVERSION = YES;
				CLANG_WARN_DEPRECATED_OBJC_IMPLEMENTATIONS = YES;
				CLANG_WARN_DIRECT_OBJC_ISA_USAGE = YES_ERROR;
				CLANG_WARN_DOCUMENTATION_COMMENTS = YES;
				CLANG_WARN_EMPTY_BODY = YES;
				CLANG_WARN_ENUM_CONVERSION = YES;
				CLANG_WARN_INFINITE_RECURSION = YES;
				CLANG_WARN_INT_CONVERSION = YES;
				CLANG_WARN_NON_LITERAL_NULL_CONVERSION = YES;
				CLANG_WARN_OBJC_IMPLICIT_RETAIN_SELF = YES;
				CLANG_WARN_OBJC_LITERAL_CONVERSION = YES;
				CLANG_WARN_OBJC_ROOT_CLASS = YES_ERROR;
				CLANG_WARN_QUOTED_INCLUDE_IN_FRAMEWORK_HEADER = YES;
				CLANG_WARN_RANGE_LOOP_ANALYSIS = YES;
				CLANG_WARN_STRICT_PROTOTYPES = YES;
				CLANG_WARN_SUSPICIOUS_MOVE = YES;
				CLANG_WARN_UNGUARDED_AVAILABILITY = YES_AGGRESSIVE;
				CLANG_WARN_UNREACHABLE_CODE = YES;
				CLANG_WARN__DUPLICATE_METHOD_MATCH = YES;
				COPY_PHASE_STRIP = NO;
				DEBUG_INFORMATION_FORMAT = "dwarf-with-dsym";
				ENABLE_NS_ASSERTIONS = NO;
				ENABLE_STRICT_OBJC_MSGSEND = YES;
				GCC_C_LANGUAGE_STANDARD = gnu11;
				GCC_NO_COMMON_BLOCKS = YES;
				GCC_WARN_64_TO_32_BIT_CONVERSION = YES;
				GCC_WARN_ABOUT_RETURN_TYPE = YES_ERROR;
				GCC_WARN_UNDECLARED_SELECTOR = YES;
				GCC_WARN_UNINITIALIZED_AUTOS = YES_AGGRESSIVE;
				GCC_WARN_UNUSED_FUNCTION = YES;
				GCC_WARN_UNUSED_VARIABLE = YES;
				IPHONEOS_DEPLOYMENT_TARGET = 16.4;
				MTL_ENABLE_DEBUG_INFO = NO;
				MTL_FAST_MATH = YES;
				SDKROOT = iphoneos;
				SWIFT_COMPILATION_MODE = wholemodule;
				SWIFT_OPTIMIZATION_LEVEL = "-O";
				VALIDATE_PRODUCT = YES;
			};
			name = Release;
		};
		3F75CC9D2BD0E343000C7323 /* Debug */ = {
			isa = XCBuildConfiguration;
			buildSettings = {
				ASSETCATALOG_COMPILER_APPICON_NAME = AppIcon;
				ASSETCATALOG_COMPILER_GLOBAL_ACCENT_COLOR_NAME = AccentColor;
				CODE_SIGN_STYLE = Automatic;
				CURRENT_PROJECT_VERSION = 1;
				GENERATE_INFOPLIST_FILE = YES;
				INFOPLIST_FILE = calculatorRR/Info.plist;
				INFOPLIST_KEY_UIApplicationSupportsIndirectInputEvents = YES;
				INFOPLIST_KEY_UILaunchStoryboardName = LaunchScreen;
				INFOPLIST_KEY_UIMainStoryboardFile = Main;
				INFOPLIST_KEY_UISupportedInterfaceOrientations_iPad = "UIInterfaceOrientationPortrait UIInterfaceOrientationPortraitUpsideDown UIInterfaceOrientationLandscapeLeft UIInterfaceOrientationLandscapeRight";
				INFOPLIST_KEY_UISupportedInterfaceOrientations_iPhone = "UIInterfaceOrientationPortrait UIInterfaceOrientationLandscapeLeft UIInterfaceOrientationLandscapeRight";
				LD_RUNPATH_SEARCH_PATHS = (
					"$(inherited)",
					"@executable_path/Frameworks",
				);
				MARKETING_VERSION = 1.0;
				PRODUCT_BUNDLE_IDENTIFIER = com.calculatorRR;
				PRODUCT_NAME = "$(TARGET_NAME)";
				SWIFT_EMIT_LOC_STRINGS = YES;
				SWIFT_VERSION = 5.0;
				TARGETED_DEVICE_FAMILY = "1,2";
			};
			name = Debug;
		};
		3F75CC9E2BD0E343000C7323 /* Release */ = {
			isa = XCBuildConfiguration;
			buildSettings = {
				ASSETCATALOG_COMPILER_APPICON_NAME = AppIcon;
				ASSETCATALOG_COMPILER_GLOBAL_ACCENT_COLOR_NAME = AccentColor;
				CODE_SIGN_STYLE = Automatic;
				CURRENT_PROJECT_VERSION = 1;
				GENERATE_INFOPLIST_FILE = YES;
				INFOPLIST_FILE = calculatorRR/Info.plist;
				INFOPLIST_KEY_UIApplicationSupportsIndirectInputEvents = YES;
				INFOPLIST_KEY_UILaunchStoryboardName = LaunchScreen;
				INFOPLIST_KEY_UIMainStoryboardFile = Main;
				INFOPLIST_KEY_UISupportedInterfaceOrientations_iPad = "UIInterfaceOrientationPortrait UIInterfaceOrientationPortraitUpsideDown UIInterfaceOrientationLandscapeLeft UIInterfaceOrientationLandscapeRight";
				INFOPLIST_KEY_UISupportedInterfaceOrientations_iPhone = "UIInterfaceOrientationPortrait UIInterfaceOrientationLandscapeLeft UIInterfaceOrientationLandscapeRight";
				LD_RUNPATH_SEARCH_PATHS = (
					"$(inherited)",
					"@executable_path/Frameworks",
				);
				MARKETING_VERSION = 1.0;
				PRODUCT_BUNDLE_IDENTIFIER = com.calculatorRR;
				PRODUCT_NAME = "$(TARGET_NAME)";
				SWIFT_EMIT_LOC_STRINGS = YES;
				SWIFT_VERSION = 5.0;
				TARGETED_DEVICE_FAMILY = "1,2";
			};
			name = Release;
		};
		3F75CCA02BD0E343000C7323 /* Debug */ = {
			isa = XCBuildConfiguration;
			buildSettings = {
				ALWAYS_EMBED_SWIFT_STANDARD_LIBRARIES = YES;
				BUNDLE_LOADER = "$(TEST_HOST)";
				CODE_SIGN_STYLE = Automatic;
				CURRENT_PROJECT_VERSION = 1;
				GENERATE_INFOPLIST_FILE = YES;
				IPHONEOS_DEPLOYMENT_TARGET = 16.4;
				MARKETING_VERSION = 1.0;
				PRODUCT_BUNDLE_IDENTIFIER = com.calculatorRRTests;
				PRODUCT_NAME = "$(TARGET_NAME)";
				SWIFT_EMIT_LOC_STRINGS = NO;
				SWIFT_VERSION = 5.0;
				TARGETED_DEVICE_FAMILY = "1,2";
				TEST_HOST = "$(BUILT_PRODUCTS_DIR)/calculatorRR.app/$(BUNDLE_EXECUTABLE_FOLDER_PATH)/calculatorRR";
			};
			name = Debug;
		};
		3F75CCA12BD0E343000C7323 /* Release */ = {
			isa = XCBuildConfiguration;
			buildSettings = {
				ALWAYS_EMBED_SWIFT_STANDARD_LIBRARIES = YES;
				BUNDLE_LOADER = "$(TEST_HOST)";
				CODE_SIGN_STYLE = Automatic;
				CURRENT_PROJECT_VERSION = 1;
				GENERATE_INFOPLIST_FILE = YES;
				IPHONEOS_DEPLOYMENT_TARGET = 16.4;
				MARKETING_VERSION = 1.0;
				PRODUCT_BUNDLE_IDENTIFIER = com.calculatorRRTests;
				PRODUCT_NAME = "$(TARGET_NAME)";
				SWIFT_EMIT_LOC_STRINGS = NO;
				SWIFT_VERSION = 5.0;
				TARGETED_DEVICE_FAMILY = "1,2";
				TEST_HOST = "$(BUILT_PRODUCTS_DIR)/calculatorRR.app/$(BUNDLE_EXECUTABLE_FOLDER_PATH)/calculatorRR";
			};
			name = Release;
		};
		3F75CCA32BD0E343000C7323 /* Debug */ = {
			isa = XCBuildConfiguration;
			buildSettings = {
				ALWAYS_EMBED_SWIFT_STANDARD_LIBRARIES = YES;
				CODE_SIGN_STYLE = Automatic;
				CURRENT_PROJECT_VERSION = 1;
				GENERATE_INFOPLIST_FILE = YES;
				MARKETING_VERSION = 1.0;
				PRODUCT_BUNDLE_IDENTIFIER = com.calculatorRRUITests;
				PRODUCT_NAME = "$(TARGET_NAME)";
				SWIFT_EMIT_LOC_STRINGS = NO;
				SWIFT_VERSION = 5.0;
				TARGETED_DEVICE_FAMILY = "1,2";
				TEST_TARGET_NAME = calculatorRR;
			};
			name = Debug;
		};
		3F75CCA42BD0E343000C7323 /* Release */ = {
			isa = XCBuildConfiguration;
			buildSettings = {
				ALWAYS_EMBED_SWIFT_STANDARD_LIBRARIES = YES;
				CODE_SIGN_STYLE = Automatic;
				CURRENT_PROJECT_VERSION = 1;
				GENERATE_INFOPLIST_FILE = YES;
				MARKETING_VERSION = 1.0;
				PRODUCT_BUNDLE_IDENTIFIER = com.calculatorRRUITests;
				PRODUCT_NAME = "$(TARGET_NAME)";
				SWIFT_EMIT_LOC_STRINGS = NO;
				SWIFT_VERSION = 5.0;
				TARGETED_DEVICE_FAMILY = "1,2";
				TEST_TARGET_NAME = calculatorRR;
			};
			name = Release;
		};
/* End XCBuildConfiguration section */

/* Begin XCConfigurationList section */
		3F75CC6D2BD0E342000C7323 /* Build configuration list for PBXProject "calculatorRR" */ = {
			isa = XCConfigurationList;
			buildConfigurations = (
				3F75CC9A2BD0E343000C7323 /* Debug */,
				3F75CC9B2BD0E343000C7323 /* Release */,
			);
			defaultConfigurationIsVisible = 0;
			defaultConfigurationName = Release;
		};
		3F75CC9C2BD0E343000C7323 /* Build configuration list for PBXNativeTarget "calculatorRR" */ = {
			isa = XCConfigurationList;
			buildConfigurations = (
				3F75CC9D2BD0E343000C7323 /* Debug */,
				3F75CC9E2BD0E343000C7323 /* Release */,
			);
			defaultConfigurationIsVisible = 0;
			defaultConfigurationName = Release;
		};
		3F75CC9F2BD0E343000C7323 /* Build configuration list for PBXNativeTarget "calculatorRRTests" */ = {
			isa = XCConfigurationList;
			buildConfigurations = (
				3F75CCA02BD0E343000C7323 /* Debug */,
				3F75CCA12BD0E343000C7323 /* Release */,
			);
			defaultConfigurationIsVisible = 0;
			defaultConfigurationName = Release;
		};
		3F75CCA22BD0E343000C7323 /* Build configuration list for PBXNativeTarget "calculatorRRUITests" */ = {
			isa = XCConfigurationList;
			buildConfigurations = (
				3F75CCA32BD0E343000C7323 /* Debug */,
				3F75CCA42BD0E343000C7323 /* Release */,
			);
			defaultConfigurationIsVisible = 0;
			defaultConfigurationName = Release;
		};
/* End XCConfigurationList section */
	};
	rootObject = 3F75CC6A2BD0E342000C7323 /* Project object */;
}
